
Microsoft Visual Studio Solution File, Format Version 12.00
# Visual Studio Version 17
VisualStudioVersion = 17.0.31903.59
MinimumVisualStudioVersion = 10.0.40219.1
Project("{2150E333-8FDC-42A3-9474-1A3956D46DE8}") = "src", "src", "{517A5E7A-E961-4AF7-BBCE-033E3AA30A30}"
EndProject
Project("{FAE04EC0-301F-11D3-BF4B-00C04F79EFBC}") = "Reim.Htmx.Web", "src\Reim.Htmx.Web\Reim.Htmx.Web.csproj", "{8AC01A1D-91E9-4B3E-913F-56D4F54E19CE}"
EndProject
Project("{FAE04EC0-301F-11D3-BF4B-00C04F79EFBC}") = "Reim.Htmx.Mvc", "src\Mvc\Reim.Htmx.Mvc.csproj", "{E4C3A19B-CA6E-4A3B-9C56-7F37156D780F}"
EndProject
Global
	GlobalSection(SolutionConfigurationPlatforms) = preSolution
		Debug|Any CPU = Debug|Any CPU
		Release|Any CPU = Release|Any CPU
	EndGlobalSection
	GlobalSection(SolutionProperties) = preSolution
		HideSolutionNode = FALSE
	EndGlobalSection
	GlobalSection(ProjectConfigurationPlatforms) = postSolution
		{8AC01A1D-91E9-4B3E-913F-56D4F54E19CE}.Debug|Any CPU.ActiveCfg = Debug|Any CPU
		{8AC01A1D-91E9-4B3E-913F-56D4F54E19CE}.Debug|Any CPU.Build.0 = Debug|Any CPU
		{8AC01A1D-91E9-4B3E-913F-56D4F54E19CE}.Release|Any CPU.ActiveCfg = Release|Any CPU
		{8AC01A1D-91E9-4B3E-913F-56D4F54E19CE}.Release|Any CPU.Build.0 = Release|Any CPU
		{E4C3A19B-CA6E-4A3B-9C56-7F37156D780F}.Debug|Any CPU.ActiveCfg = Debug|Any CPU
		{E4C3A19B-CA6E-4A3B-9C56-7F37156D780F}.Debug|Any CPU.Build.0 = Debug|Any CPU
		{E4C3A19B-CA6E-4A3B-9C56-7F37156D780F}.Release|Any CPU.ActiveCfg = Release|Any CPU
		{E4C3A19B-CA6E-4A3B-9C56-7F37156D780F}.Release|Any CPU.Build.0 = Release|Any CPU
	EndGlobalSection
	GlobalSection(NestedProjects) = preSolution
		{8AC01A1D-91E9-4B3E-913F-56D4F54E19CE} = {517A5E7A-E961-4AF7-BBCE-033E3AA30A30}
		{E4C3A19B-CA6E-4A3B-9C56-7F37156D780F} = {517A5E7A-E961-4AF7-BBCE-033E3AA30A30}
	EndGlobalSection
EndGlobal
